
Microsoft Visual Studio Solution File, Format Version 12.00
# Visual Studio Version 16
VisualStudioVersion = 16.0.29911.84
MinimumVisualStudioVersion = 10.0.40219.1
Project("{FAE04EC0-301F-11D3-BF4B-00C04F79EFBC}") = "Odev-1", "Odev-1\Odev-1.csproj", "{0C508CD3-051D-4ADC-8851-DAE5845AAF85}"
EndProject
Global
	GlobalSection(SolutionConfigurationPlatforms) = preSolution
		Debug|Any CPU = Debug|Any CPU
		Release|Any CPU = Release|Any CPU
	EndGlobalSection
	GlobalSection(ProjectConfigurationPlatforms) = postSolution
		{0C508CD3-051D-4ADC-8851-DAE5845AAF85}.Debug|Any CPU.ActiveCfg = Debug|Any CPU
		{0C508CD3-051D-4ADC-8851-DAE5845AAF85}.Debug|Any CPU.Build.0 = Debug|Any CPU
		{0C508CD3-051D-4ADC-8851-DAE5845AAF85}.Release|Any CPU.ActiveCfg = Release|Any CPU
		{0C508CD3-051D-4ADC-8851-DAE5845AAF85}.Release|Any CPU.Build.0 = Release|Any CPU
	EndGlobalSection
	GlobalSection(SolutionProperties) = preSolution
		HideSolutionNode = FALSE
	EndGlobalSection
	GlobalSection(ExtensibilityGlobals) = postSolution
		SolutionGuid = {AA72D4F8-C05B-4E5E-9488-B68A9A3B743A}
	EndGlobalSection
EndGlobal
